<?xml version="1.0" encoding="utf-8"?>
<Project ToolsVersion="4.0" xmlns="http://schemas.microsoft.com/developer/msbuild/2003">
  <ItemGroup>
    <Filter Include="Source Files">
      <UniqueIdentifier>{4FC737F1-C7A5-4376-A066-2A32D752A2FF}</UniqueIdentifier>
      <Extensions>cpp;c;cc;cxx;def;odl;idl;hpj;bat;asm;asmx</Extensions>
    </Filter>
    <Filter Include="Header Files">
      <UniqueIdentifier>{93995380-89BD-4b04-88EB-625FBE52EBFB}</UniqueIdentifier>
      <Extensions>h;hpp;hxx;hm;inl;inc;xsd</Extensions>
    </Filter>
    <Filter Include="Resource Files">
      <UniqueIdentifier>{67DA6AB6-F800-4c08-8B7A-83BB121AAD01}</UniqueIdentifier>
      <Extensions>rc;ico;cur;bmp;dlg;rc2;rct;bin;rgs;gif;jpg;jpeg;jpe;resx;tiff;tif;png;wav;mfcribbon-ms</Extensions>
    </Filter>
  </ItemGroup>
  <ItemGroup>
    <ClInclude Include="pyrfa.h">
      <Filter>Header Files</Filter>
    </ClInclude>
    <ClInclude Include="config\configdb.h">
      <Filter>Header Files</Filter>
    </ClInclude>
    <ClInclude Include="logger\LogMessages.h">
      <Filter>Header Files</Filter>
    </ClInclude>
    <ClInclude Include="logger\LogMsgMapImpl.h">
      <Filter>Header Files</Filter>
    </ClInclude>
    <ClInclude Include="logger\ClientLog.h">
      <Filter>Header Files</Filter>
    </ClInclude>
    <ClInclude Include="common\Encoder.h">
      <Filter>Header Files</Filter>
    </ClInclude>
    <ClInclude Include="common\RDMDictionaryDecoder.h">
      <Filter>Header Files</Filter>
    </ClInclude>
    <ClInclude Include="common\RDMDict.h">
      <Filter>Header Files</Filter>
    </ClInclude>
    <ClInclude Include="common\RDMDictionaryEncoder.h">
      <Filter>Header Files</Filter>
    </ClInclude>
    <ClInclude Include="common\RDMDictDef.h">
      <Filter>Header Files</Filter>
    </ClInclude>
    <ClInclude Include="client\RDMCProvServer.h">
      <Filter>Header Files</Filter>
    </ClInclude>
    <ClInclude Include="client\LoginHandler.h">
      <Filter>Header Files</Filter>
    </ClInclude>
    <ClInclude Include="common\AppUtil.h">
      <Filter>Header Files</Filter>
    </ClInclude>
    <ClInclude Include="common\RDMUtils.h">
      <Filter>Header Files</Filter>
    </ClInclude>
    <ClInclude Include="client\DirectoryHandler.h">
      <Filter>Header Files</Filter>
    </ClInclude>
    <ClInclude Include="client\DictionaryHandler.h">
      <Filter>Header Files</Filter>
    </ClInclude>
    <ClInclude Include="client\MarketPriceHandler.h">
      <Filter>Header Files</Filter>
    </ClInclude>
    <ClInclude Include="client\HistoryHandler.h">
      <Filter>Header Files</Filter>
    </ClInclude>
    <ClInclude Include="client\SymbolListHandler.h">
      <Filter>Header Files</Filter>
    </ClInclude>
    <ClInclude Include="StdAfx.h">
      <Filter>Header Files</Filter>
    </ClInclude>
    <ClInclude Include="client\MarketByOrderHandler.h">
      <Filter>Header Files</Filter>
    </ClInclude>
    <ClInclude Include="client\MarketByPriceHandler.h">
      <Filter>Header Files</Filter>
    </ClInclude>
    <ClInclude Include="client\TimeSeriesHandler.h">
      <Filter>Header Files</Filter>
    </ClInclude>
    <ClInclude Include="client\OMMPost.h">
      <Filter>Header Files</Filter>
    </ClInclude>
    <ClInclude Include="client\OMMInteractiveProvider.h">
      <Filter>Header Files</Filter>
    </ClInclude>
    <ClInclude Include="common\Mutex.h">
      <Filter>Header Files</Filter>
    </ClInclude>
  </ItemGroup>
  <ItemGroup>
    <ClCompile Include="pyrfa.cpp">
      <Filter>Source Files</Filter>
    </ClCompile>
    <ClCompile Include="config\configdb.cpp">
      <Filter>Source Files</Filter>
    </ClCompile>
    <ClCompile Include="exception\ExceptionHandler.cpp">
      <Filter>Source Files</Filter>
    </ClCompile>
    <ClCompile Include="logger\LogMsgMapImpl.cpp">
      <Filter>Source Files</Filter>
    </ClCompile>
    <ClCompile Include="logger\ClientLog.cpp">
      <Filter>Source Files</Filter>
    </ClCompile>
    <ClCompile Include="common\Encoder.cpp">
      <Filter>Source Files</Filter>
    </ClCompile>
    <ClCompile Include="common\RDMDictionaryDecoder.cpp">
      <Filter>Source Files</Filter>
    </ClCompile>
    <ClCompile Include="common\RDMDict.cpp">
      <Filter>Source Files</Filter>
    </ClCompile>
    <ClCompile Include="common\RDMDictionaryEncoder.cpp">
      <Filter>Source Files</Filter>
    </ClCompile>
    <ClCompile Include="common\RDMDictDef.cpp">
      <Filter>Source Files</Filter>
    </ClCompile>
    <ClCompile Include="client\RDMCProvServer.cpp">
      <Filter>Source Files</Filter>
    </ClCompile>
    <ClCompile Include="client\LoginHandler.cpp">
      <Filter>Source Files</Filter>
    </ClCompile>
    <ClCompile Include="common\AppUtil.cpp">
      <Filter>Source Files</Filter>
    </ClCompile>
    <ClCompile Include="common\RDMUtils.cpp">
      <Filter>Source Files</Filter>
    </ClCompile>
    <ClCompile Include="client\DirectoryHandler.cpp">
      <Filter>Source Files</Filter>
    </ClCompile>
    <ClCompile Include="client\DictionaryHandler.cpp">
      <Filter>Source Files</Filter>
    </ClCompile>
    <ClCompile Include="client\MarketPriceHandler.cpp">
      <Filter>Source Files</Filter>
    </ClCompile>
    <ClCompile Include="client\HistoryHandler.cpp">
      <Filter>Source Files</Filter>
    </ClCompile>
    <ClCompile Include="client\SymbolListHandler.cpp">
      <Filter>Source Files</Filter>
    </ClCompile>
    <ClCompile Include="client\MarketByPriceHandler.cpp">
      <Filter>Source Files</Filter>
    </ClCompile>
    <ClCompile Include="client\MarketByOrderHandler.cpp">
      <Filter>Source Files</Filter>
    </ClCompile>
    <ClCompile Include="client\TimeSeriesHandler.cpp">
      <Filter>Source Files</Filter>
    </ClCompile>
    <ClCompile Include="client\OMMPost.cpp">
      <Filter>Source Files</Filter>
    </ClCompile>
    <ClCompile Include="client\OMMInteractiveProvider.cpp">
      <Filter>Source Files</Filter>
    </ClCompile>
    <ClCompile Include="common\Mutex.cpp">
      <Filter>Source Files</Filter>
    </ClCompile>
  </ItemGroup>
</Project>